// !$*UTF8*$!
{
	archiveVersion = 1;
	classes = {
	};
	objectVersion = 50;
	objects = {

/* Begin PBXBuildFile section */
		FA1200972472B8D100CC2119 /* LoadingViewController.swift in Sources */ = {isa = PBXBuildFile; fileRef = FA1200962472B8D100CC2119 /* LoadingViewController.swift */; };
		FA4D339024715E710020BAF3 /* FirstViewController.swift in Sources */ = {isa = PBXBuildFile; fileRef = FA4D338F24715E710020BAF3 /* FirstViewController.swift */; };
		FA4D3392247196870020BAF3 /* MarkCell.swift in Sources */ = {isa = PBXBuildFile; fileRef = FA4D3391247196870020BAF3 /* MarkCell.swift */; };
		FAB8E3E1246D5A09003F391D /* SubjectsTableViewController.swift in Sources */ = {isa = PBXBuildFile; fileRef = FAB8E3E0246D5A09003F391D /* SubjectsTableViewController.swift */; };
		FAB8E3E3246D5F5B003F391D /* SubjectModel.swift in Sources */ = {isa = PBXBuildFile; fileRef = FAB8E3E2246D5F5B003F391D /* SubjectModel.swift */; };
		FAB8E3E6246D8060003F391D /* SubjectCell.swift in Sources */ = {isa = PBXBuildFile; fileRef = FAB8E3E5246D8060003F391D /* SubjectCell.swift */; };
		FAB8E3E8246D892F003F391D /* SubjectViewController.swift in Sources */ = {isa = PBXBuildFile; fileRef = FAB8E3E7246D892F003F391D /* SubjectViewController.swift */; };
		FAC907BB246D3E37008EB88D /* AppDelegate.swift in Sources */ = {isa = PBXBuildFile; fileRef = FAC907BA246D3E37008EB88D /* AppDelegate.swift */; };
		FAC907BD246D3E37008EB88D /* SceneDelegate.swift in Sources */ = {isa = PBXBuildFile; fileRef = FAC907BC246D3E37008EB88D /* SceneDelegate.swift */; };
		FAC907BF246D3E37008EB88D /* LoginViewController.swift in Sources */ = {isa = PBXBuildFile; fileRef = FAC907BE246D3E37008EB88D /* LoginViewController.swift */; };
		FAC907C2246D3E37008EB88D /* Main.storyboard in Resources */ = {isa = PBXBuildFile; fileRef = FAC907C0246D3E37008EB88D /* Main.storyboard */; };
		FAC907C4246D3E39008EB88D /* Assets.xcassets in Resources */ = {isa = PBXBuildFile; fileRef = FAC907C3246D3E39008EB88D /* Assets.xcassets */; };
		FAC907C7246D3E39008EB88D /* LaunchScreen.storyboard in Resources */ = {isa = PBXBuildFile; fileRef = FAC907C5246D3E39008EB88D /* LaunchScreen.storyboard */; };
		FAF2CA8E246EEAF6006D9F3C /* JavascriptCode in Resources */ = {isa = PBXBuildFile; fileRef = FAF2CA8D246E8F08006D9F3C /* JavascriptCode */; };
/* End PBXBuildFile section */

/* Begin PBXFileReference section */
		FA1200962472B8D100CC2119 /* LoadingViewController.swift */ = {isa = PBXFileReference; lastKnownFileType = sourcecode.swift; path = LoadingViewController.swift; sourceTree = "<group>"; };
		FA4D338F24715E710020BAF3 /* FirstViewController.swift */ = {isa = PBXFileReference; lastKnownFileType = sourcecode.swift; path = FirstViewController.swift; sourceTree = "<group>"; };
		FA4D3391247196870020BAF3 /* MarkCell.swift */ = {isa = PBXFileReference; lastKnownFileType = sourcecode.swift; path = MarkCell.swift; sourceTree = "<group>"; };
		FAB8E3E0246D5A09003F391D /* SubjectsTableViewController.swift */ = {isa = PBXFileReference; lastKnownFileType = sourcecode.swift; path = SubjectsTableViewController.swift; sourceTree = "<group>"; };
		FAB8E3E2246D5F5B003F391D /* SubjectModel.swift */ = {isa = PBXFileReference; lastKnownFileType = sourcecode.swift; path = SubjectModel.swift; sourceTree = "<group>"; };
		FAB8E3E5246D8060003F391D /* SubjectCell.swift */ = {isa = PBXFileReference; lastKnownFileType = sourcecode.swift; path = SubjectCell.swift; sourceTree = "<group>"; };
		FAB8E3E7246D892F003F391D /* SubjectViewController.swift */ = {isa = PBXFileReference; lastKnownFileType = sourcecode.swift; path = SubjectViewController.swift; sourceTree = "<group>"; };
		FAC907B7246D3E37008EB88D /* MarksApp.app */ = {isa = PBXFileReference; explicitFileType = wrapper.application; includeInIndex = 0; path = MarksApp.app; sourceTree = BUILT_PRODUCTS_DIR; };
		FAC907BA246D3E37008EB88D /* AppDelegate.swift */ = {isa = PBXFileReference; lastKnownFileType = sourcecode.swift; path = AppDelegate.swift; sourceTree = "<group>"; };
		FAC907BC246D3E37008EB88D /* SceneDelegate.swift */ = {isa = PBXFileReference; lastKnownFileType = sourcecode.swift; path = SceneDelegate.swift; sourceTree = "<group>"; };
		FAC907BE246D3E37008EB88D /* LoginViewController.swift */ = {isa = PBXFileReference; lastKnownFileType = sourcecode.swift; path = LoginViewController.swift; sourceTree = "<group>"; };
		FAC907C1246D3E37008EB88D /* Base */ = {isa = PBXFileReference; lastKnownFileType = file.storyboard; name = Base; path = Base.lproj/Main.storyboard; sourceTree = "<group>"; };
		FAC907C3246D3E39008EB88D /* Assets.xcassets */ = {isa = PBXFileReference; lastKnownFileType = folder.assetcatalog; path = Assets.xcassets; sourceTree = "<group>"; };
		FAC907C6246D3E39008EB88D /* Base */ = {isa = PBXFileReference; lastKnownFileType = file.storyboard; name = Base; path = Base.lproj/LaunchScreen.storyboard; sourceTree = "<group>"; };
		FAC907C8246D3E39008EB88D /* Info.plist */ = {isa = PBXFileReference; lastKnownFileType = text.plist.xml; path = Info.plist; sourceTree = "<group>"; };
		FAF2CA8D246E8F08006D9F3C /* JavascriptCode */ = {isa = PBXFileReference; lastKnownFileType = folder; name = JavascriptCode; path = "/Users/alex/OneDrive - Universidad Politécnica de Madrid/TFG/Pruebas Swift/MarksApp/MarksApp/JavascriptCode"; sourceTree = "<absolute>"; };
/* End PBXFileReference section */

/* Begin PBXFrameworksBuildPhase section */
		FAC907B4246D3E37008EB88D /* Frameworks */ = {
			isa = PBXFrameworksBuildPhase;
			buildActionMask = 2147483647;
			files = (
			);
			runOnlyForDeploymentPostprocessing = 0;
		};
/* End PBXFrameworksBuildPhase section */

/* Begin PBXGroup section */
		FAC907AE246D3E37008EB88D = {
			isa = PBXGroup;
			children = (
				FAC907B9246D3E37008EB88D /* MarksApp */,
				FAC907B8246D3E37008EB88D /* Products */,
			);
			sourceTree = "<group>";
		};
		FAC907B8246D3E37008EB88D /* Products */ = {
			isa = PBXGroup;
			children = (
				FAC907B7246D3E37008EB88D /* MarksApp.app */,
			);
			name = Products;
			sourceTree = "<group>";
		};
		FAC907B9246D3E37008EB88D /* MarksApp */ = {
			isa = PBXGroup;
			children = (
				FAB8E3E2246D5F5B003F391D /* SubjectModel.swift */,
				FAC907BA246D3E37008EB88D /* AppDelegate.swift */,
				FAC907BC246D3E37008EB88D /* SceneDelegate.swift */,
				FA4D338F24715E710020BAF3 /* FirstViewController.swift */,
				FAC907BE246D3E37008EB88D /* LoginViewController.swift */,
				FAB8E3E0246D5A09003F391D /* SubjectsTableViewController.swift */,
				FAB8E3E5246D8060003F391D /* SubjectCell.swift */,
				FA1200962472B8D100CC2119 /* LoadingViewController.swift */,
				FAB8E3E7246D892F003F391D /* SubjectViewController.swift */,
				FA4D3391247196870020BAF3 /* MarkCell.swift */,
				FAC907C0246D3E37008EB88D /* Main.storyboard */,
				FAF2CA8D246E8F08006D9F3C /* JavascriptCode */,
				FAC907C3246D3E39008EB88D /* Assets.xcassets */,
				FAC907C5246D3E39008EB88D /* LaunchScreen.storyboard */,
				FAC907C8246D3E39008EB88D /* Info.plist */,
			);
			path = MarksApp;
			sourceTree = "<group>";
		};
/* End PBXGroup section */

/* Begin PBXNativeTarget section */
		FAC907B6246D3E37008EB88D /* MarksApp */ = {
			isa = PBXNativeTarget;
			buildConfigurationList = FAC907CB246D3E39008EB88D /* Build configuration list for PBXNativeTarget "MarksApp" */;
			buildPhases = (
				FAC907B3246D3E37008EB88D /* Sources */,
				FAC907B4246D3E37008EB88D /* Frameworks */,
				FAC907B5246D3E37008EB88D /* Resources */,
			);
			buildRules = (
			);
			dependencies = (
			);
			name = MarksApp;
			productName = MarksApp;
			productReference = FAC907B7246D3E37008EB88D /* MarksApp.app */;
			productType = "com.apple.product-type.application";
		};
/* End PBXNativeTarget section */

/* Begin PBXProject section */
		FAC907AF246D3E37008EB88D /* Project object */ = {
			isa = PBXProject;
			attributes = {
				LastSwiftUpdateCheck = 1110;
				LastUpgradeCheck = 1110;
				ORGANIZATIONNAME = IWEB;
				TargetAttributes = {
					FAC907B6246D3E37008EB88D = {
						CreatedOnToolsVersion = 11.1;
					};
				};
			};
			buildConfigurationList = FAC907B2246D3E37008EB88D /* Build configuration list for PBXProject "MarksApp" */;
			compatibilityVersion = "Xcode 9.3";
			developmentRegion = en;
			hasScannedForEncodings = 0;
			knownRegions = (
				en,
				Base,
			);
			mainGroup = FAC907AE246D3E37008EB88D;
			productRefGroup = FAC907B8246D3E37008EB88D /* Products */;
			projectDirPath = "";
			projectRoot = "";
			targets = (
				FAC907B6246D3E37008EB88D /* MarksApp */,
			);
		};
/* End PBXProject section */

/* Begin PBXResourcesBuildPhase section */
		FAC907B5246D3E37008EB88D /* Resources */ = {
			isa = PBXResourcesBuildPhase;
			buildActionMask = 2147483647;
			files = (
				FAF2CA8E246EEAF6006D9F3C /* JavascriptCode in Resources */,
				FAC907C7246D3E39008EB88D /* LaunchScreen.storyboard in Resources */,
				FAC907C4246D3E39008EB88D /* Assets.xcassets in Resources */,
				FAC907C2246D3E37008EB88D /* Main.storyboard in Resources */,
			);
			runOnlyForDeploymentPostprocessing = 0;
		};
/* End PBXResourcesBuildPhase section */

/* Begin PBXSourcesBuildPhase section */
		FAC907B3246D3E37008EB88D /* Sources */ = {
			isa = PBXSourcesBuildPhase;
			buildActionMask = 2147483647;
			files = (
				FA4D339024715E710020BAF3 /* FirstViewController.swift in Sources */,
				FAB8E3E6246D8060003F391D /* SubjectCell.swift in Sources */,
				FAC907BF246D3E37008EB88D /* LoginViewController.swift in Sources */,
				FAC907BB246D3E37008EB88D /* AppDelegate.swift in Sources */,
				FAB8E3E1246D5A09003F391D /* SubjectsTableViewController.swift in Sources */,
				FAB8E3E8246D892F003F391D /* SubjectViewController.swift in Sources */,
				FAC907BD246D3E37008EB88D /* SceneDelegate.swift in Sources */,
				FA1200972472B8D100CC2119 /* LoadingViewController.swift in Sources */,
				FA4D3392247196870020BAF3 /* MarkCell.swift in Sources */,
				FAB8E3E3246D5F5B003F391D /* SubjectModel.swift in Sources */,
			);
			runOnlyForDeploymentPostprocessing = 0;
		};
/* End PBXSourcesBuildPhase section */

/* Begin PBXVariantGroup section */
		FAC907C0246D3E37008EB88D /* Main.storyboard */ = {
			isa = PBXVariantGroup;
			children = (
				FAC907C1246D3E37008EB88D /* Base */,
			);
			name = Main.storyboard;
			sourceTree = "<group>";
		};
		FAC907C5246D3E39008EB88D /* LaunchScreen.storyboard */ = {
			isa = PBXVariantGroup;
			children = (
				FAC907C6246D3E39008EB88D /* Base */,
			);
			name = LaunchScreen.storyboard;
			sourceTree = "<group>";
		};
/* End PBXVariantGroup section */

/* Begin XCBuildConfiguration section */
		FAC907C9246D3E39008EB88D /* Debug */ = {
			isa = XCBuildConfiguration;
			buildSettings = {
				ALWAYS_SEARCH_USER_PATHS = NO;
				CLANG_ANALYZER_NONNULL = YES;
				CLANG_ANALYZER_NUMBER_OBJECT_CONVERSION = YES_AGGRESSIVE;
				CLANG_CXX_LANGUAGE_STANDARD = "gnu++14";
				CLANG_CXX_LIBRARY = "libc++";
				CLANG_ENABLE_MODULES = YES;
				CLANG_ENABLE_OBJC_ARC = YES;
				CLANG_ENABLE_OBJC_WEAK = YES;
				CLANG_WARN_BLOCK_CAPTURE_AUTORELEASING = YES;
				CLANG_WARN_BOOL_CONVERSION = YES;
				CLANG_WARN_COMMA = YES;
				CLANG_WARN_CONSTANT_CONVERSION = YES;
				CLANG_WARN_DEPRECATED_OBJC_IMPLEMENTATIONS = YES;
				CLANG_WARN_DIRECT_OBJC_ISA_USAGE = YES_ERROR;
				CLANG_WARN_DOCUMENTATION_COMMENTS = YES;
				CLANG_WARN_EMPTY_BODY = YES;
				CLANG_WARN_ENUM_CONVERSION = YES;
				CLANG_WARN_INFINITE_RECURSION = YES;
				CLANG_WARN_INT_CONVERSION = YES;
				CLANG_WARN_NON_LITERAL_NULL_CONVERSION = YES;
				CLANG_WARN_OBJC_IMPLICIT_RETAIN_SELF = YES;
				CLANG_WARN_OBJC_LITERAL_CONVERSION = YES;
				CLANG_WARN_OBJC_ROOT_CLASS = YES_ERROR;
				CLANG_WARN_RANGE_LOOP_ANALYSIS = YES;
				CLANG_WARN_STRICT_PROTOTYPES = YES;
				CLANG_WARN_SUSPICIOUS_MOVE = YES;
				CLANG_WARN_UNGUARDED_AVAILABILITY = YES_AGGRESSIVE;
				CLANG_WARN_UNREACHABLE_CODE = YES;
				CLANG_WARN__DUPLICATE_METHOD_MATCH = YES;
				COPY_PHASE_STRIP = NO;
				DEBUG_INFORMATION_FORMAT = dwarf;
				ENABLE_STRICT_OBJC_MSGSEND = YES;
				ENABLE_TESTABILITY = YES;
				GCC_C_LANGUAGE_STANDARD = gnu11;
				GCC_DYNAMIC_NO_PIC = NO;
				GCC_NO_COMMON_BLOCKS = YES;
				GCC_OPTIMIZATION_LEVEL = 0;
				GCC_PREPROCESSOR_DEFINITIONS = (
					"DEBUG=1",
					"$(inherited)",
				);
				GCC_WARN_64_TO_32_BIT_CONVERSION = YES;
				GCC_WARN_ABOUT_RETURN_TYPE = YES_ERROR;
				GCC_WARN_UNDECLARED_SELECTOR = YES;
				GCC_WARN_UNINITIALIZED_AUTOS = YES_AGGRESSIVE;
				GCC_WARN_UNUSED_FUNCTION = YES;
				GCC_WARN_UNUSED_VARIABLE = YES;
				IPHONEOS_DEPLOYMENT_TARGET = 13.1;
				MTL_ENABLE_DEBUG_INFO = INCLUDE_SOURCE;
				MTL_FAST_MATH = YES;
				ONLY_ACTIVE_ARCH = YES;
				SDKROOT = iphoneos;
				SWIFT_ACTIVE_COMPILATION_CONDITIONS = DEBUG;
				SWIFT_OPTIMIZATION_LEVEL = "-Onone";
			};
			name = Debug;
		};
		FAC907CA246D3E39008EB88D /* Release */ = {
			isa = XCBuildConfiguration;
			buildSettings = {
				ALWAYS_SEARCH_USER_PATHS = NO;
				CLANG_ANALYZER_NONNULL = YES;
				CLANG_ANALYZER_NUMBER_OBJECT_CONVERSION = YES_AGGRESSIVE;
				CLANG_CXX_LANGUAGE_STANDARD = "gnu++14";
				CLANG_CXX_LIBRARY = "libc++";
				CLANG_ENABLE_MODULES = YES;
				CLANG_ENABLE_OBJC_ARC = YES;
				CLANG_ENABLE_OBJC_WEAK = YES;
				CLANG_WARN_BLOCK_CAPTURE_AUTORELEASING = YES;
				CLANG_WARN_BOOL_CONVERSION = YES;
				CLANG_WARN_COMMA = YES;
				CLANG_WARN_CONSTANT_CONVERSION = YES;
				CLANG_WARN_DEPRECATED_OBJC_IMPLEMENTATIONS = YES;
				CLANG_WARN_DIRECT_OBJC_ISA_USAGE = YES_ERROR;
				CLANG_WARN_DOCUMENTATION_COMMENTS = YES;
				CLANG_WARN_EMPTY_BODY = YES;
				CLANG_WARN_ENUM_CONVERSION = YES;
				CLANG_WARN_INFINITE_RECURSION = YES;
				CLANG_WARN_INT_CONVERSION = YES;
				CLANG_WARN_NON_LITERAL_NULL_CONVERSION = YES;
				CLANG_WARN_OBJC_IMPLICIT_RETAIN_SELF = YES;
				CLANG_WARN_OBJC_LITERAL_CONVERSION = YES;
				CLANG_WARN_OBJC_ROOT_CLASS = YES_ERROR;
				CLANG_WARN_RANGE_LOOP_ANALYSIS = YES;
				CLANG_WARN_STRICT_PROTOTYPES = YES;
				CLANG_WARN_SUSPICIOUS_MOVE = YES;
				CLANG_WARN_UNGUARDED_AVAILABILITY = YES_AGGRESSIVE;
				CLANG_WARN_UNREACHABLE_CODE = YES;
				CLANG_WARN__DUPLICATE_METHOD_MATCH = YES;
				COPY_PHASE_STRIP = NO;
				DEBUG_INFORMATION_FORMAT = "dwarf-with-dsym";
				ENABLE_NS_ASSERTIONS = NO;
				ENABLE_STRICT_OBJC_MSGSEND = YES;
				GCC_C_LANGUAGE_STANDARD = gnu11;
				GCC_NO_COMMON_BLOCKS = YES;
				GCC_WARN_64_TO_32_BIT_CONVERSION = YES;
				GCC_WARN_ABOUT_RETURN_TYPE = YES_ERROR;
				GCC_WARN_UNDECLARED_SELECTOR = YES;
				GCC_WARN_UNINITIALIZED_AUTOS = YES_AGGRESSIVE;
				GCC_WARN_UNUSED_FUNCTION = YES;
				GCC_WARN_UNUSED_VARIABLE = YES;
				IPHONEOS_DEPLOYMENT_TARGET = 13.1;
				MTL_ENABLE_DEBUG_INFO = NO;
				MTL_FAST_MATH = YES;
				SDKROOT = iphoneos;
				SWIFT_COMPILATION_MODE = wholemodule;
				SWIFT_OPTIMIZATION_LEVEL = "-O";
				VALIDATE_PRODUCT = YES;
			};
			name = Release;
		};
		FAC907CC246D3E39008EB88D /* Debug */ = {
			isa = XCBuildConfiguration;
			buildSettings = {
				ASSETCATALOG_COMPILER_APPICON_NAME = AppIcon;
				CODE_SIGN_STYLE = Automatic;
				DEVELOPMENT_TEAM = GM69Q2VYDG;
				INFOPLIST_FILE = MarksApp/Info.plist;
				LD_RUNPATH_SEARCH_PATHS = (
					"$(inherited)",
					"@executable_path/Frameworks",
				);
				PRODUCT_BUNDLE_IDENTIFIER = es.upm.dit.iweb.MarksApp;
				PRODUCT_NAME = "$(TARGET_NAME)";
				SWIFT_VERSION = 5.0;
				TARGETED_DEVICE_FAMILY = "1,2";
			};
			name = Debug;
		};
		FAC907CD246D3E39008EB88D /* Release */ = {
			isa = XCBuildConfiguration;
			buildSettings = {
				ASSETCATALOG_COMPILER_APPICON_NAME = AppIcon;
				CODE_SIGN_STYLE = Automatic;
				DEVELOPMENT_TEAM = GM69Q2VYDG;
				INFOPLIST_FILE = MarksApp/Info.plist;
				LD_RUNPATH_SEARCH_PATHS = (
					"$(inherited)",
					"@executable_path/Frameworks",
				);
				PRODUCT_BUNDLE_IDENTIFIER = es.upm.dit.iweb.MarksApp;
				PRODUCT_NAME = "$(TARGET_NAME)";
				SWIFT_VERSION = 5.0;
				TARGETED_DEVICE_FAMILY = "1,2";
			};
			name = Release;
		};
/* End XCBuildConfiguration section */

/* Begin XCConfigurationList section */
		FAC907B2246D3E37008EB88D /* Build configuration list for PBXProject "MarksApp" */ = {
			isa = XCConfigurationList;
			buildConfigurations = (
				FAC907C9246D3E39008EB88D /* Debug */,
				FAC907CA246D3E39008EB88D /* Release */,
			);
			defaultConfigurationIsVisible = 0;
			defaultConfigurationName = Release;
		};
		FAC907CB246D3E39008EB88D /* Build configuration list for PBXNativeTarget "MarksApp" */ = {
			isa = XCConfigurationList;
			buildConfigurations = (
				FAC907CC246D3E39008EB88D /* Debug */,
				FAC907CD246D3E39008EB88D /* Release */,
			);
			defaultConfigurationIsVisible = 0;
			defaultConfigurationName = Release;
		};
/* End XCConfigurationList section */
	};
	rootObject = FAC907AF246D3E37008EB88D /* Project object */;
}
